
Microsoft Visual Studio Solution File, Format Version 12.00
# Visual Studio Version 17
VisualStudioVersion = 17.3.32811.315
MinimumVisualStudioVersion = 10.0.40219.1
Project("{9A19103F-16F7-4668-BE54-9A1E7A4F7556}") = "TaxCalculator.WebApi", "TaxCalculator.WebApi\TaxCalculator.WebApi.csproj", "{F7D4BCD6-9AAF-464C-89A4-6ED23CD95B8E}"
EndProject
Project("{9A19103F-16F7-4668-BE54-9A1E7A4F7556}") = "TaxCalculator.Cqrs.Contracts", "TaxCalculator.Cqrs.Contracts\TaxCalculator.Cqrs.Contracts.csproj", "{E9681B1A-B0C3-4CB8-B5E6-F85D8CCF3634}"
EndProject
Project("{9A19103F-16F7-4668-BE54-9A1E7A4F7556}") = "TaxCalculator.Cqrs.Implementation", "TaxCalculator.Cqrs.Implementation\TaxCalculator.Cqrs.Implementation.csproj", "{372F5949-1D91-4FA0-81E3-B93C3B1540F8}"
EndProject
Project("{9A19103F-16F7-4668-BE54-9A1E7A4F7556}") = "TaxCalculator.Contracts", "TaxCalculator.Contracts\TaxCalculator.Contracts.csproj", "{284E0064-F30A-48E5-AA00-3E17D5042E08}"
EndProject
Project("{9A19103F-16F7-4668-BE54-9A1E7A4F7556}") = "TaxCalculator.Domain", "TaxCalculator.Domain\TaxCalculator.Domain.csproj", "{9D0111B4-CD0C-48F9-AA0F-9770A2DBBB87}"
EndProject
Project("{9A19103F-16F7-4668-BE54-9A1E7A4F7556}") = "TaxCalculator.Persistence", "TaxCalculator.Persistence\TaxCalculator.Persistence.csproj", "{85FA6F91-F474-476E-B3A1-083639E6855B}"
EndProject
Project("{9A19103F-16F7-4668-BE54-9A1E7A4F7556}") = "TaxCalculator.Data", "TaxCalculator.Data\TaxCalculator.Data.csproj", "{7BD629E4-3706-46DD-A15B-393F4D1F9794}"
EndProject
Project("{9A19103F-16F7-4668-BE54-9A1E7A4F7556}") = "TaxCalculator.Infrastructure", "TaxCalculator.Infrastructure\TaxCalculator.Infrastructure.csproj", "{FD3A15E5-C8B3-4E37-9AFF-6083991E60DC}"
EndProject
Project("{9A19103F-16F7-4668-BE54-9A1E7A4F7556}") = "TaxCalculator.Application", "TaxCalculator.Application\TaxCalculator.Application.csproj", "{B20E8DD1-D7DE-4ECC-9742-41619C36D257}"
EndProject
Project("{9A19103F-16F7-4668-BE54-9A1E7A4F7556}") = "TaxCalculator.Validation", "TaxCalculator.Validation\TaxCalculator.Validation.csproj", "{D7594DDB-D10B-455B-B411-5A03955261C5}"
EndProject
Project("{9A19103F-16F7-4668-BE54-9A1E7A4F7556}") = "TaxCalculator.WebFrontend", "TaxCalculator.WebFrontend\TaxCalculator.WebFrontend.csproj", "{E222A42D-0C2B-42A2-AE5A-279898381E8F}"
EndProject
Project("{9A19103F-16F7-4668-BE54-9A1E7A4F7556}") = "TaxCalculator.Domain.Dto", "TaxCalculator.Domain.Dto\TaxCalculator.Domain.Dto.csproj", "{92CF693E-E206-4474-9A71-CF50F7F8A844}"
EndProject
Project("{9A19103F-16F7-4668-BE54-9A1E7A4F7556}") = "TaxCalculator.Domain.Services", "TaxCalculator.Domain.Services\TaxCalculator.Domain.Services.csproj", "{8F85CE28-7E22-45C5-AFC4-FDFE585132BA}"
EndProject
Project("{2150E333-8FDC-42A3-9474-1A3956D46DE8}") = "Desktop", "Desktop", "{B7DBF022-9172-4906-B52F-94953EA0059F}"
EndProject
Project("{2150E333-8FDC-42A3-9474-1A3956D46DE8}") = "Core", "Core", "{706A85C7-070D-4F77-8442-3ABA31753866}"
EndProject
Project("{2150E333-8FDC-42A3-9474-1A3956D46DE8}") = "Web", "Web", "{2002FB25-E3E0-4DE9-BD18-671DC91D1478}"
EndProject
Project("{2150E333-8FDC-42A3-9474-1A3956D46DE8}") = "Tests", "Tests", "{B2E46362-CF4B-4DF2-911D-99548919E124}"
EndProject
Project("{9A19103F-16F7-4668-BE54-9A1E7A4F7556}") = "TaxCalculator.UI.Desktop", "TaxCalculator.UI.Desktop\TaxCalculator.UI.Desktop.csproj", "{5EB2CBA0-64A6-49B3-B5BB-436734106435}"
EndProject
Project("{9A19103F-16F7-4668-BE54-9A1E7A4F7556}") = "TaxCalculator.UI.MVVM", "TaxCalculator.UI.MVVM\TaxCalculator.UI.MVVM.csproj", "{D1F6BB97-C1B7-4B59-BAD9-F175CF5A1BBB}"
EndProject
Project("{FAE04EC0-301F-11D3-BF4B-00C04F79EFBC}") = "TaxCalculator.UI.Data", "TaxCalculator.UI.Data\TaxCalculator.UI.Data.csproj", "{775AA4F1-7BA0-451E-B856-71BCF8B550B4}"
EndProject
Global
	GlobalSection(SolutionConfigurationPlatforms) = preSolution
		Debug|Any CPU = Debug|Any CPU
		Debug|ARM = Debug|ARM
		Debug|ARM64 = Debug|ARM64
		Debug|x64 = Debug|x64
		Debug|x86 = Debug|x86
		Release|Any CPU = Release|Any CPU
		Release|ARM = Release|ARM
		Release|ARM64 = Release|ARM64
		Release|x64 = Release|x64
		Release|x86 = Release|x86
	EndGlobalSection
	GlobalSection(ProjectConfigurationPlatforms) = postSolution
		{F7D4BCD6-9AAF-464C-89A4-6ED23CD95B8E}.Debug|Any CPU.ActiveCfg = Debug|Any CPU
		{F7D4BCD6-9AAF-464C-89A4-6ED23CD95B8E}.Debug|Any CPU.Build.0 = Debug|Any CPU
		{F7D4BCD6-9AAF-464C-89A4-6ED23CD95B8E}.Debug|ARM.ActiveCfg = Debug|Any CPU
		{F7D4BCD6-9AAF-464C-89A4-6ED23CD95B8E}.Debug|ARM.Build.0 = Debug|Any CPU
		{F7D4BCD6-9AAF-464C-89A4-6ED23CD95B8E}.Debug|ARM64.ActiveCfg = Debug|Any CPU
		{F7D4BCD6-9AAF-464C-89A4-6ED23CD95B8E}.Debug|ARM64.Build.0 = Debug|Any CPU
		{F7D4BCD6-9AAF-464C-89A4-6ED23CD95B8E}.Debug|x64.ActiveCfg = Debug|Any CPU
		{F7D4BCD6-9AAF-464C-89A4-6ED23CD95B8E}.Debug|x64.Build.0 = Debug|Any CPU
		{F7D4BCD6-9AAF-464C-89A4-6ED23CD95B8E}.Debug|x86.ActiveCfg = Debug|Any CPU
		{F7D4BCD6-9AAF-464C-89A4-6ED23CD95B8E}.Debug|x86.Build.0 = Debug|Any CPU
		{F7D4BCD6-9AAF-464C-89A4-6ED23CD95B8E}.Release|Any CPU.ActiveCfg = Release|Any CPU
		{F7D4BCD6-9AAF-464C-89A4-6ED23CD95B8E}.Release|Any CPU.Build.0 = Release|Any CPU
		{F7D4BCD6-9AAF-464C-89A4-6ED23CD95B8E}.Release|ARM.ActiveCfg = Release|Any CPU
		{F7D4BCD6-9AAF-464C-89A4-6ED23CD95B8E}.Release|ARM.Build.0 = Release|Any CPU
		{F7D4BCD6-9AAF-464C-89A4-6ED23CD95B8E}.Release|ARM64.ActiveCfg = Release|Any CPU
		{F7D4BCD6-9AAF-464C-89A4-6ED23CD95B8E}.Release|ARM64.Build.0 = Release|Any CPU
		{F7D4BCD6-9AAF-464C-89A4-6ED23CD95B8E}.Release|x64.ActiveCfg = Release|Any CPU
		{F7D4BCD6-9AAF-464C-89A4-6ED23CD95B8E}.Release|x64.Build.0 = Release|Any CPU
		{F7D4BCD6-9AAF-464C-89A4-6ED23CD95B8E}.Release|x86.ActiveCfg = Release|Any CPU
		{F7D4BCD6-9AAF-464C-89A4-6ED23CD95B8E}.Release|x86.Build.0 = Release|Any CPU
		{E9681B1A-B0C3-4CB8-B5E6-F85D8CCF3634}.Debug|Any CPU.ActiveCfg = Debug|Any CPU
		{E9681B1A-B0C3-4CB8-B5E6-F85D8CCF3634}.Debug|Any CPU.Build.0 = Debug|Any CPU
		{E9681B1A-B0C3-4CB8-B5E6-F85D8CCF3634}.Debug|ARM.ActiveCfg = Debug|Any CPU
		{E9681B1A-B0C3-4CB8-B5E6-F85D8CCF3634}.Debug|ARM.Build.0 = Debug|Any CPU
		{E9681B1A-B0C3-4CB8-B5E6-F85D8CCF3634}.Debug|ARM64.ActiveCfg = Debug|Any CPU
		{E9681B1A-B0C3-4CB8-B5E6-F85D8CCF3634}.Debug|ARM64.Build.0 = Debug|Any CPU
		{E9681B1A-B0C3-4CB8-B5E6-F85D8CCF3634}.Debug|x64.ActiveCfg = Debug|Any CPU
		{E9681B1A-B0C3-4CB8-B5E6-F85D8CCF3634}.Debug|x64.Build.0 = Debug|Any CPU
		{E9681B1A-B0C3-4CB8-B5E6-F85D8CCF3634}.Debug|x86.ActiveCfg = Debug|Any CPU
		{E9681B1A-B0C3-4CB8-B5E6-F85D8CCF3634}.Debug|x86.Build.0 = Debug|Any CPU
		{E9681B1A-B0C3-4CB8-B5E6-F85D8CCF3634}.Release|Any CPU.ActiveCfg = Release|Any CPU
		{E9681B1A-B0C3-4CB8-B5E6-F85D8CCF3634}.Release|Any CPU.Build.0 = Release|Any CPU
		{E9681B1A-B0C3-4CB8-B5E6-F85D8CCF3634}.Release|ARM.ActiveCfg = Release|Any CPU
		{E9681B1A-B0C3-4CB8-B5E6-F85D8CCF3634}.Release|ARM.Build.0 = Release|Any CPU
		{E9681B1A-B0C3-4CB8-B5E6-F85D8CCF3634}.Release|ARM64.ActiveCfg = Release|Any CPU
		{E9681B1A-B0C3-4CB8-B5E6-F85D8CCF3634}.Release|ARM64.Build.0 = Release|Any CPU
		{E9681B1A-B0C3-4CB8-B5E6-F85D8CCF3634}.Release|x64.ActiveCfg = Release|Any CPU
		{E9681B1A-B0C3-4CB8-B5E6-F85D8CCF3634}.Release|x64.Build.0 = Release|Any CPU
		{E9681B1A-B0C3-4CB8-B5E6-F85D8CCF3634}.Release|x86.ActiveCfg = Release|Any CPU
		{E9681B1A-B0C3-4CB8-B5E6-F85D8CCF3634}.Release|x86.Build.0 = Release|Any CPU
		{372F5949-1D91-4FA0-81E3-B93C3B1540F8}.Debug|Any CPU.ActiveCfg = Debug|Any CPU
		{372F5949-1D91-4FA0-81E3-B93C3B1540F8}.Debug|Any CPU.Build.0 = Debug|Any CPU
		{372F5949-1D91-4FA0-81E3-B93C3B1540F8}.Debug|ARM.ActiveCfg = Debug|Any CPU
		{372F5949-1D91-4FA0-81E3-B93C3B1540F8}.Debug|ARM.Build.0 = Debug|Any CPU
		{372F5949-1D91-4FA0-81E3-B93C3B1540F8}.Debug|ARM64.ActiveCfg = Debug|Any CPU
		{372F5949-1D91-4FA0-81E3-B93C3B1540F8}.Debug|ARM64.Build.0 = Debug|Any CPU
		{372F5949-1D91-4FA0-81E3-B93C3B1540F8}.Debug|x64.ActiveCfg = Debug|Any CPU
		{372F5949-1D91-4FA0-81E3-B93C3B1540F8}.Debug|x64.Build.0 = Debug|Any CPU
		{372F5949-1D91-4FA0-81E3-B93C3B1540F8}.Debug|x86.ActiveCfg = Debug|Any CPU
		{372F5949-1D91-4FA0-81E3-B93C3B1540F8}.Debug|x86.Build.0 = Debug|Any CPU
		{372F5949-1D91-4FA0-81E3-B93C3B1540F8}.Release|Any CPU.ActiveCfg = Release|Any CPU
		{372F5949-1D91-4FA0-81E3-B93C3B1540F8}.Release|Any CPU.Build.0 = Release|Any CPU
		{372F5949-1D91-4FA0-81E3-B93C3B1540F8}.Release|ARM.ActiveCfg = Release|Any CPU
		{372F5949-1D91-4FA0-81E3-B93C3B1540F8}.Release|ARM.Build.0 = Release|Any CPU
		{372F5949-1D91-4FA0-81E3-B93C3B1540F8}.Release|ARM64.ActiveCfg = Release|Any CPU
		{372F5949-1D91-4FA0-81E3-B93C3B1540F8}.Release|ARM64.Build.0 = Release|Any CPU
		{372F5949-1D91-4FA0-81E3-B93C3B1540F8}.Release|x64.ActiveCfg = Release|Any CPU
		{372F5949-1D91-4FA0-81E3-B93C3B1540F8}.Release|x64.Build.0 = Release|Any CPU
		{372F5949-1D91-4FA0-81E3-B93C3B1540F8}.Release|x86.ActiveCfg = Release|Any CPU
		{372F5949-1D91-4FA0-81E3-B93C3B1540F8}.Release|x86.Build.0 = Release|Any CPU
		{284E0064-F30A-48E5-AA00-3E17D5042E08}.Debug|Any CPU.ActiveCfg = Debug|Any CPU
		{284E0064-F30A-48E5-AA00-3E17D5042E08}.Debug|Any CPU.Build.0 = Debug|Any CPU
		{284E0064-F30A-48E5-AA00-3E17D5042E08}.Debug|ARM.ActiveCfg = Debug|Any CPU
		{284E0064-F30A-48E5-AA00-3E17D5042E08}.Debug|ARM.Build.0 = Debug|Any CPU
		{284E0064-F30A-48E5-AA00-3E17D5042E08}.Debug|ARM64.ActiveCfg = Debug|Any CPU
		{284E0064-F30A-48E5-AA00-3E17D5042E08}.Debug|ARM64.Build.0 = Debug|Any CPU
		{284E0064-F30A-48E5-AA00-3E17D5042E08}.Debug|x64.ActiveCfg = Debug|Any CPU
		{284E0064-F30A-48E5-AA00-3E17D5042E08}.Debug|x64.Build.0 = Debug|Any CPU
		{284E0064-F30A-48E5-AA00-3E17D5042E08}.Debug|x86.ActiveCfg = Debug|Any CPU
		{284E0064-F30A-48E5-AA00-3E17D5042E08}.Debug|x86.Build.0 = Debug|Any CPU
		{284E0064-F30A-48E5-AA00-3E17D5042E08}.Release|Any CPU.ActiveCfg = Release|Any CPU
		{284E0064-F30A-48E5-AA00-3E17D5042E08}.Release|Any CPU.Build.0 = Release|Any CPU
		{284E0064-F30A-48E5-AA00-3E17D5042E08}.Release|ARM.ActiveCfg = Release|Any CPU
		{284E0064-F30A-48E5-AA00-3E17D5042E08}.Release|ARM.Build.0 = Release|Any CPU
		{284E0064-F30A-48E5-AA00-3E17D5042E08}.Release|ARM64.ActiveCfg = Release|Any CPU
		{284E0064-F30A-48E5-AA00-3E17D5042E08}.Release|ARM64.Build.0 = Release|Any CPU
		{284E0064-F30A-48E5-AA00-3E17D5042E08}.Release|x64.ActiveCfg = Release|Any CPU
		{284E0064-F30A-48E5-AA00-3E17D5042E08}.Release|x64.Build.0 = Release|Any CPU
		{284E0064-F30A-48E5-AA00-3E17D5042E08}.Release|x86.ActiveCfg = Release|Any CPU
		{284E0064-F30A-48E5-AA00-3E17D5042E08}.Release|x86.Build.0 = Release|Any CPU
		{9D0111B4-CD0C-48F9-AA0F-9770A2DBBB87}.Debug|Any CPU.ActiveCfg = Debug|Any CPU
		{9D0111B4-CD0C-48F9-AA0F-9770A2DBBB87}.Debug|Any CPU.Build.0 = Debug|Any CPU
		{9D0111B4-CD0C-48F9-AA0F-9770A2DBBB87}.Debug|ARM.ActiveCfg = Debug|Any CPU
		{9D0111B4-CD0C-48F9-AA0F-9770A2DBBB87}.Debug|ARM.Build.0 = Debug|Any CPU
		{9D0111B4-CD0C-48F9-AA0F-9770A2DBBB87}.Debug|ARM64.ActiveCfg = Debug|Any CPU
		{9D0111B4-CD0C-48F9-AA0F-9770A2DBBB87}.Debug|ARM64.Build.0 = Debug|Any CPU
		{9D0111B4-CD0C-48F9-AA0F-9770A2DBBB87}.Debug|x64.ActiveCfg = Debug|Any CPU
		{9D0111B4-CD0C-48F9-AA0F-9770A2DBBB87}.Debug|x64.Build.0 = Debug|Any CPU
		{9D0111B4-CD0C-48F9-AA0F-9770A2DBBB87}.Debug|x86.ActiveCfg = Debug|Any CPU
		{9D0111B4-CD0C-48F9-AA0F-9770A2DBBB87}.Debug|x86.Build.0 = Debug|Any CPU
		{9D0111B4-CD0C-48F9-AA0F-9770A2DBBB87}.Release|Any CPU.ActiveCfg = Release|Any CPU
		{9D0111B4-CD0C-48F9-AA0F-9770A2DBBB87}.Release|Any CPU.Build.0 = Release|Any CPU
		{9D0111B4-CD0C-48F9-AA0F-9770A2DBBB87}.Release|ARM.ActiveCfg = Release|Any CPU
		{9D0111B4-CD0C-48F9-AA0F-9770A2DBBB87}.Release|ARM.Build.0 = Release|Any CPU
		{9D0111B4-CD0C-48F9-AA0F-9770A2DBBB87}.Release|ARM64.ActiveCfg = Release|Any CPU
		{9D0111B4-CD0C-48F9-AA0F-9770A2DBBB87}.Release|ARM64.Build.0 = Release|Any CPU
		{9D0111B4-CD0C-48F9-AA0F-9770A2DBBB87}.Release|x64.ActiveCfg = Release|Any CPU
		{9D0111B4-CD0C-48F9-AA0F-9770A2DBBB87}.Release|x64.Build.0 = Release|Any CPU
		{9D0111B4-CD0C-48F9-AA0F-9770A2DBBB87}.Release|x86.ActiveCfg = Release|Any CPU
		{9D0111B4-CD0C-48F9-AA0F-9770A2DBBB87}.Release|x86.Build.0 = Release|Any CPU
		{85FA6F91-F474-476E-B3A1-083639E6855B}.Debug|Any CPU.ActiveCfg = Debug|Any CPU
		{85FA6F91-F474-476E-B3A1-083639E6855B}.Debug|Any CPU.Build.0 = Debug|Any CPU
		{85FA6F91-F474-476E-B3A1-083639E6855B}.Debug|ARM.ActiveCfg = Debug|Any CPU
		{85FA6F91-F474-476E-B3A1-083639E6855B}.Debug|ARM.Build.0 = Debug|Any CPU
		{85FA6F91-F474-476E-B3A1-083639E6855B}.Debug|ARM64.ActiveCfg = Debug|Any CPU
		{85FA6F91-F474-476E-B3A1-083639E6855B}.Debug|ARM64.Build.0 = Debug|Any CPU
		{85FA6F91-F474-476E-B3A1-083639E6855B}.Debug|x64.ActiveCfg = Debug|Any CPU
		{85FA6F91-F474-476E-B3A1-083639E6855B}.Debug|x64.Build.0 = Debug|Any CPU
		{85FA6F91-F474-476E-B3A1-083639E6855B}.Debug|x86.ActiveCfg = Debug|Any CPU
		{85FA6F91-F474-476E-B3A1-083639E6855B}.Debug|x86.Build.0 = Debug|Any CPU
		{85FA6F91-F474-476E-B3A1-083639E6855B}.Release|Any CPU.ActiveCfg = Release|Any CPU
		{85FA6F91-F474-476E-B3A1-083639E6855B}.Release|Any CPU.Build.0 = Release|Any CPU
		{85FA6F91-F474-476E-B3A1-083639E6855B}.Release|ARM.ActiveCfg = Release|Any CPU
		{85FA6F91-F474-476E-B3A1-083639E6855B}.Release|ARM.Build.0 = Release|Any CPU
		{85FA6F91-F474-476E-B3A1-083639E6855B}.Release|ARM64.ActiveCfg = Release|Any CPU
		{85FA6F91-F474-476E-B3A1-083639E6855B}.Release|ARM64.Build.0 = Release|Any CPU
		{85FA6F91-F474-476E-B3A1-083639E6855B}.Release|x64.ActiveCfg = Release|Any CPU
		{85FA6F91-F474-476E-B3A1-083639E6855B}.Release|x64.Build.0 = Release|Any CPU
		{85FA6F91-F474-476E-B3A1-083639E6855B}.Release|x86.ActiveCfg = Release|Any CPU
		{85FA6F91-F474-476E-B3A1-083639E6855B}.Release|x86.Build.0 = Release|Any CPU
		{7BD629E4-3706-46DD-A15B-393F4D1F9794}.Debug|Any CPU.ActiveCfg = Debug|Any CPU
		{7BD629E4-3706-46DD-A15B-393F4D1F9794}.Debug|Any CPU.Build.0 = Debug|Any CPU
		{7BD629E4-3706-46DD-A15B-393F4D1F9794}.Debug|ARM.ActiveCfg = Debug|Any CPU
		{7BD629E4-3706-46DD-A15B-393F4D1F9794}.Debug|ARM.Build.0 = Debug|Any CPU
		{7BD629E4-3706-46DD-A15B-393F4D1F9794}.Debug|ARM64.ActiveCfg = Debug|Any CPU
		{7BD629E4-3706-46DD-A15B-393F4D1F9794}.Debug|ARM64.Build.0 = Debug|Any CPU
		{7BD629E4-3706-46DD-A15B-393F4D1F9794}.Debug|x64.ActiveCfg = Debug|Any CPU
		{7BD629E4-3706-46DD-A15B-393F4D1F9794}.Debug|x64.Build.0 = Debug|Any CPU
		{7BD629E4-3706-46DD-A15B-393F4D1F9794}.Debug|x86.ActiveCfg = Debug|Any CPU
		{7BD629E4-3706-46DD-A15B-393F4D1F9794}.Debug|x86.Build.0 = Debug|Any CPU
		{7BD629E4-3706-46DD-A15B-393F4D1F9794}.Release|Any CPU.ActiveCfg = Release|Any CPU
		{7BD629E4-3706-46DD-A15B-393F4D1F9794}.Release|Any CPU.Build.0 = Release|Any CPU
		{7BD629E4-3706-46DD-A15B-393F4D1F9794}.Release|ARM.ActiveCfg = Release|Any CPU
		{7BD629E4-3706-46DD-A15B-393F4D1F9794}.Release|ARM.Build.0 = Release|Any CPU
		{7BD629E4-3706-46DD-A15B-393F4D1F9794}.Release|ARM64.ActiveCfg = Release|Any CPU
		{7BD629E4-3706-46DD-A15B-393F4D1F9794}.Release|ARM64.Build.0 = Release|Any CPU
		{7BD629E4-3706-46DD-A15B-393F4D1F9794}.Release|x64.ActiveCfg = Release|Any CPU
		{7BD629E4-3706-46DD-A15B-393F4D1F9794}.Release|x64.Build.0 = Release|Any CPU
		{7BD629E4-3706-46DD-A15B-393F4D1F9794}.Release|x86.ActiveCfg = Release|Any CPU
		{7BD629E4-3706-46DD-A15B-393F4D1F9794}.Release|x86.Build.0 = Release|Any CPU
		{FD3A15E5-C8B3-4E37-9AFF-6083991E60DC}.Debug|Any CPU.ActiveCfg = Debug|Any CPU
		{FD3A15E5-C8B3-4E37-9AFF-6083991E60DC}.Debug|Any CPU.Build.0 = Debug|Any CPU
		{FD3A15E5-C8B3-4E37-9AFF-6083991E60DC}.Debug|ARM.ActiveCfg = Debug|Any CPU
		{FD3A15E5-C8B3-4E37-9AFF-6083991E60DC}.Debug|ARM.Build.0 = Debug|Any CPU
		{FD3A15E5-C8B3-4E37-9AFF-6083991E60DC}.Debug|ARM64.ActiveCfg = Debug|Any CPU
		{FD3A15E5-C8B3-4E37-9AFF-6083991E60DC}.Debug|ARM64.Build.0 = Debug|Any CPU
		{FD3A15E5-C8B3-4E37-9AFF-6083991E60DC}.Debug|x64.ActiveCfg = Debug|Any CPU
		{FD3A15E5-C8B3-4E37-9AFF-6083991E60DC}.Debug|x64.Build.0 = Debug|Any CPU
		{FD3A15E5-C8B3-4E37-9AFF-6083991E60DC}.Debug|x86.ActiveCfg = Debug|Any CPU
		{FD3A15E5-C8B3-4E37-9AFF-6083991E60DC}.Debug|x86.Build.0 = Debug|Any CPU
		{FD3A15E5-C8B3-4E37-9AFF-6083991E60DC}.Release|Any CPU.ActiveCfg = Release|Any CPU
		{FD3A15E5-C8B3-4E37-9AFF-6083991E60DC}.Release|Any CPU.Build.0 = Release|Any CPU
		{FD3A15E5-C8B3-4E37-9AFF-6083991E60DC}.Release|ARM.ActiveCfg = Release|Any CPU
		{FD3A15E5-C8B3-4E37-9AFF-6083991E60DC}.Release|ARM.Build.0 = Release|Any CPU
		{FD3A15E5-C8B3-4E37-9AFF-6083991E60DC}.Release|ARM64.ActiveCfg = Release|Any CPU
		{FD3A15E5-C8B3-4E37-9AFF-6083991E60DC}.Release|ARM64.Build.0 = Release|Any CPU
		{FD3A15E5-C8B3-4E37-9AFF-6083991E60DC}.Release|x64.ActiveCfg = Release|Any CPU
		{FD3A15E5-C8B3-4E37-9AFF-6083991E60DC}.Release|x64.Build.0 = Release|Any CPU
		{FD3A15E5-C8B3-4E37-9AFF-6083991E60DC}.Release|x86.ActiveCfg = Release|Any CPU
		{FD3A15E5-C8B3-4E37-9AFF-6083991E60DC}.Release|x86.Build.0 = Release|Any CPU
		{B20E8DD1-D7DE-4ECC-9742-41619C36D257}.Debug|Any CPU.ActiveCfg = Debug|Any CPU
		{B20E8DD1-D7DE-4ECC-9742-41619C36D257}.Debug|Any CPU.Build.0 = Debug|Any CPU
		{B20E8DD1-D7DE-4ECC-9742-41619C36D257}.Debug|ARM.ActiveCfg = Debug|Any CPU
		{B20E8DD1-D7DE-4ECC-9742-41619C36D257}.Debug|ARM.Build.0 = Debug|Any CPU
		{B20E8DD1-D7DE-4ECC-9742-41619C36D257}.Debug|ARM64.ActiveCfg = Debug|Any CPU
		{B20E8DD1-D7DE-4ECC-9742-41619C36D257}.Debug|ARM64.Build.0 = Debug|Any CPU
		{B20E8DD1-D7DE-4ECC-9742-41619C36D257}.Debug|x64.ActiveCfg = Debug|Any CPU
		{B20E8DD1-D7DE-4ECC-9742-41619C36D257}.Debug|x64.Build.0 = Debug|Any CPU
		{B20E8DD1-D7DE-4ECC-9742-41619C36D257}.Debug|x86.ActiveCfg = Debug|Any CPU
		{B20E8DD1-D7DE-4ECC-9742-41619C36D257}.Debug|x86.Build.0 = Debug|Any CPU
		{B20E8DD1-D7DE-4ECC-9742-41619C36D257}.Release|Any CPU.ActiveCfg = Release|Any CPU
		{B20E8DD1-D7DE-4ECC-9742-41619C36D257}.Release|Any CPU.Build.0 = Release|Any CPU
		{B20E8DD1-D7DE-4ECC-9742-41619C36D257}.Release|ARM.ActiveCfg = Release|Any CPU
		{B20E8DD1-D7DE-4ECC-9742-41619C36D257}.Release|ARM.Build.0 = Release|Any CPU
		{B20E8DD1-D7DE-4ECC-9742-41619C36D257}.Release|ARM64.ActiveCfg = Release|Any CPU
		{B20E8DD1-D7DE-4ECC-9742-41619C36D257}.Release|ARM64.Build.0 = Release|Any CPU
		{B20E8DD1-D7DE-4ECC-9742-41619C36D257}.Release|x64.ActiveCfg = Release|Any CPU
		{B20E8DD1-D7DE-4ECC-9742-41619C36D257}.Release|x64.Build.0 = Release|Any CPU
		{B20E8DD1-D7DE-4ECC-9742-41619C36D257}.Release|x86.ActiveCfg = Release|Any CPU
		{B20E8DD1-D7DE-4ECC-9742-41619C36D257}.Release|x86.Build.0 = Release|Any CPU
		{D7594DDB-D10B-455B-B411-5A03955261C5}.Debug|Any CPU.ActiveCfg = Debug|Any CPU
		{D7594DDB-D10B-455B-B411-5A03955261C5}.Debug|Any CPU.Build.0 = Debug|Any CPU
		{D7594DDB-D10B-455B-B411-5A03955261C5}.Debug|ARM.ActiveCfg = Debug|Any CPU
		{D7594DDB-D10B-455B-B411-5A03955261C5}.Debug|ARM.Build.0 = Debug|Any CPU
		{D7594DDB-D10B-455B-B411-5A03955261C5}.Debug|ARM64.ActiveCfg = Debug|Any CPU
		{D7594DDB-D10B-455B-B411-5A03955261C5}.Debug|ARM64.Build.0 = Debug|Any CPU
		{D7594DDB-D10B-455B-B411-5A03955261C5}.Debug|x64.ActiveCfg = Debug|Any CPU
		{D7594DDB-D10B-455B-B411-5A03955261C5}.Debug|x64.Build.0 = Debug|Any CPU
		{D7594DDB-D10B-455B-B411-5A03955261C5}.Debug|x86.ActiveCfg = Debug|Any CPU
		{D7594DDB-D10B-455B-B411-5A03955261C5}.Debug|x86.Build.0 = Debug|Any CPU
		{D7594DDB-D10B-455B-B411-5A03955261C5}.Release|Any CPU.ActiveCfg = Release|Any CPU
		{D7594DDB-D10B-455B-B411-5A03955261C5}.Release|Any CPU.Build.0 = Release|Any CPU
		{D7594DDB-D10B-455B-B411-5A03955261C5}.Release|ARM.ActiveCfg = Release|Any CPU
		{D7594DDB-D10B-455B-B411-5A03955261C5}.Release|ARM.Build.0 = Release|Any CPU
		{D7594DDB-D10B-455B-B411-5A03955261C5}.Release|ARM64.ActiveCfg = Release|Any CPU
		{D7594DDB-D10B-455B-B411-5A03955261C5}.Release|ARM64.Build.0 = Release|Any CPU
		{D7594DDB-D10B-455B-B411-5A03955261C5}.Release|x64.ActiveCfg = Release|Any CPU
		{D7594DDB-D10B-455B-B411-5A03955261C5}.Release|x64.Build.0 = Release|Any CPU
		{D7594DDB-D10B-455B-B411-5A03955261C5}.Release|x86.ActiveCfg = Release|Any CPU
		{D7594DDB-D10B-455B-B411-5A03955261C5}.Release|x86.Build.0 = Release|Any CPU
		{E222A42D-0C2B-42A2-AE5A-279898381E8F}.Debug|Any CPU.ActiveCfg = Debug|Any CPU
		{E222A42D-0C2B-42A2-AE5A-279898381E8F}.Debug|Any CPU.Build.0 = Debug|Any CPU
		{E222A42D-0C2B-42A2-AE5A-279898381E8F}.Debug|ARM.ActiveCfg = Debug|Any CPU
		{E222A42D-0C2B-42A2-AE5A-279898381E8F}.Debug|ARM.Build.0 = Debug|Any CPU
		{E222A42D-0C2B-42A2-AE5A-279898381E8F}.Debug|ARM64.ActiveCfg = Debug|Any CPU
		{E222A42D-0C2B-42A2-AE5A-279898381E8F}.Debug|ARM64.Build.0 = Debug|Any CPU
		{E222A42D-0C2B-42A2-AE5A-279898381E8F}.Debug|x64.ActiveCfg = Debug|Any CPU
		{E222A42D-0C2B-42A2-AE5A-279898381E8F}.Debug|x64.Build.0 = Debug|Any CPU
		{E222A42D-0C2B-42A2-AE5A-279898381E8F}.Debug|x86.ActiveCfg = Debug|Any CPU
		{E222A42D-0C2B-42A2-AE5A-279898381E8F}.Debug|x86.Build.0 = Debug|Any CPU
		{E222A42D-0C2B-42A2-AE5A-279898381E8F}.Release|Any CPU.ActiveCfg = Release|Any CPU
		{E222A42D-0C2B-42A2-AE5A-279898381E8F}.Release|Any CPU.Build.0 = Release|Any CPU
		{E222A42D-0C2B-42A2-AE5A-279898381E8F}.Release|ARM.ActiveCfg = Release|Any CPU
		{E222A42D-0C2B-42A2-AE5A-279898381E8F}.Release|ARM.Build.0 = Release|Any CPU
		{E222A42D-0C2B-42A2-AE5A-279898381E8F}.Release|ARM64.ActiveCfg = Release|Any CPU
		{E222A42D-0C2B-42A2-AE5A-279898381E8F}.Release|ARM64.Build.0 = Release|Any CPU
		{E222A42D-0C2B-42A2-AE5A-279898381E8F}.Release|x64.ActiveCfg = Release|Any CPU
		{E222A42D-0C2B-42A2-AE5A-279898381E8F}.Release|x64.Build.0 = Release|Any CPU
		{E222A42D-0C2B-42A2-AE5A-279898381E8F}.Release|x86.ActiveCfg = Release|Any CPU
		{E222A42D-0C2B-42A2-AE5A-279898381E8F}.Release|x86.Build.0 = Release|Any CPU
		{92CF693E-E206-4474-9A71-CF50F7F8A844}.Debug|Any CPU.ActiveCfg = Debug|Any CPU
		{92CF693E-E206-4474-9A71-CF50F7F8A844}.Debug|Any CPU.Build.0 = Debug|Any CPU
		{92CF693E-E206-4474-9A71-CF50F7F8A844}.Debug|ARM.ActiveCfg = Debug|Any CPU
		{92CF693E-E206-4474-9A71-CF50F7F8A844}.Debug|ARM.Build.0 = Debug|Any CPU
		{92CF693E-E206-4474-9A71-CF50F7F8A844}.Debug|ARM64.ActiveCfg = Debug|Any CPU
		{92CF693E-E206-4474-9A71-CF50F7F8A844}.Debug|ARM64.Build.0 = Debug|Any CPU
		{92CF693E-E206-4474-9A71-CF50F7F8A844}.Debug|x64.ActiveCfg = Debug|Any CPU
		{92CF693E-E206-4474-9A71-CF50F7F8A844}.Debug|x64.Build.0 = Debug|Any CPU
		{92CF693E-E206-4474-9A71-CF50F7F8A844}.Debug|x86.ActiveCfg = Debug|Any CPU
		{92CF693E-E206-4474-9A71-CF50F7F8A844}.Debug|x86.Build.0 = Debug|Any CPU
		{92CF693E-E206-4474-9A71-CF50F7F8A844}.Release|Any CPU.ActiveCfg = Release|Any CPU
		{92CF693E-E206-4474-9A71-CF50F7F8A844}.Release|Any CPU.Build.0 = Release|Any CPU
		{92CF693E-E206-4474-9A71-CF50F7F8A844}.Release|ARM.ActiveCfg = Release|Any CPU
		{92CF693E-E206-4474-9A71-CF50F7F8A844}.Release|ARM.Build.0 = Release|Any CPU
		{92CF693E-E206-4474-9A71-CF50F7F8A844}.Release|ARM64.ActiveCfg = Release|Any CPU
		{92CF693E-E206-4474-9A71-CF50F7F8A844}.Release|ARM64.Build.0 = Release|Any CPU
		{92CF693E-E206-4474-9A71-CF50F7F8A844}.Release|x64.ActiveCfg = Release|Any CPU
		{92CF693E-E206-4474-9A71-CF50F7F8A844}.Release|x64.Build.0 = Release|Any CPU
		{92CF693E-E206-4474-9A71-CF50F7F8A844}.Release|x86.ActiveCfg = Release|Any CPU
		{92CF693E-E206-4474-9A71-CF50F7F8A844}.Release|x86.Build.0 = Release|Any CPU
		{8F85CE28-7E22-45C5-AFC4-FDFE585132BA}.Debug|Any CPU.ActiveCfg = Debug|Any CPU
		{8F85CE28-7E22-45C5-AFC4-FDFE585132BA}.Debug|Any CPU.Build.0 = Debug|Any CPU
		{8F85CE28-7E22-45C5-AFC4-FDFE585132BA}.Debug|ARM.ActiveCfg = Debug|Any CPU
		{8F85CE28-7E22-45C5-AFC4-FDFE585132BA}.Debug|ARM.Build.0 = Debug|Any CPU
		{8F85CE28-7E22-45C5-AFC4-FDFE585132BA}.Debug|ARM64.ActiveCfg = Debug|Any CPU
		{8F85CE28-7E22-45C5-AFC4-FDFE585132BA}.Debug|ARM64.Build.0 = Debug|Any CPU
		{8F85CE28-7E22-45C5-AFC4-FDFE585132BA}.Debug|x64.ActiveCfg = Debug|Any CPU
		{8F85CE28-7E22-45C5-AFC4-FDFE585132BA}.Debug|x64.Build.0 = Debug|Any CPU
		{8F85CE28-7E22-45C5-AFC4-FDFE585132BA}.Debug|x86.ActiveCfg = Debug|Any CPU
		{8F85CE28-7E22-45C5-AFC4-FDFE585132BA}.Debug|x86.Build.0 = Debug|Any CPU
		{8F85CE28-7E22-45C5-AFC4-FDFE585132BA}.Release|Any CPU.ActiveCfg = Release|Any CPU
		{8F85CE28-7E22-45C5-AFC4-FDFE585132BA}.Release|Any CPU.Build.0 = Release|Any CPU
		{8F85CE28-7E22-45C5-AFC4-FDFE585132BA}.Release|ARM.ActiveCfg = Release|Any CPU
		{8F85CE28-7E22-45C5-AFC4-FDFE585132BA}.Release|ARM.Build.0 = Release|Any CPU
		{8F85CE28-7E22-45C5-AFC4-FDFE585132BA}.Release|ARM64.ActiveCfg = Release|Any CPU
		{8F85CE28-7E22-45C5-AFC4-FDFE585132BA}.Release|ARM64.Build.0 = Release|Any CPU
		{8F85CE28-7E22-45C5-AFC4-FDFE585132BA}.Release|x64.ActiveCfg = Release|Any CPU
		{8F85CE28-7E22-45C5-AFC4-FDFE585132BA}.Release|x64.Build.0 = Release|Any CPU
		{8F85CE28-7E22-45C5-AFC4-FDFE585132BA}.Release|x86.ActiveCfg = Release|Any CPU
		{8F85CE28-7E22-45C5-AFC4-FDFE585132BA}.Release|x86.Build.0 = Release|Any CPU
		{5EB2CBA0-64A6-49B3-B5BB-436734106435}.Debug|Any CPU.ActiveCfg = Debug|x64
		{5EB2CBA0-64A6-49B3-B5BB-436734106435}.Debug|Any CPU.Build.0 = Debug|x64
		{5EB2CBA0-64A6-49B3-B5BB-436734106435}.Debug|Any CPU.Deploy.0 = Debug|x64
		{5EB2CBA0-64A6-49B3-B5BB-436734106435}.Debug|ARM.ActiveCfg = Debug|x64
		{5EB2CBA0-64A6-49B3-B5BB-436734106435}.Debug|ARM.Build.0 = Debug|x64
		{5EB2CBA0-64A6-49B3-B5BB-436734106435}.Debug|ARM.Deploy.0 = Debug|x64
		{5EB2CBA0-64A6-49B3-B5BB-436734106435}.Debug|ARM64.ActiveCfg = Debug|arm64
		{5EB2CBA0-64A6-49B3-B5BB-436734106435}.Debug|ARM64.Build.0 = Debug|arm64
		{5EB2CBA0-64A6-49B3-B5BB-436734106435}.Debug|ARM64.Deploy.0 = Debug|arm64
		{5EB2CBA0-64A6-49B3-B5BB-436734106435}.Debug|x64.ActiveCfg = Debug|x64
		{5EB2CBA0-64A6-49B3-B5BB-436734106435}.Debug|x64.Build.0 = Debug|x64
		{5EB2CBA0-64A6-49B3-B5BB-436734106435}.Debug|x64.Deploy.0 = Debug|x64
		{5EB2CBA0-64A6-49B3-B5BB-436734106435}.Debug|x86.ActiveCfg = Debug|x86
		{5EB2CBA0-64A6-49B3-B5BB-436734106435}.Debug|x86.Build.0 = Debug|x86
		{5EB2CBA0-64A6-49B3-B5BB-436734106435}.Debug|x86.Deploy.0 = Debug|x86
		{5EB2CBA0-64A6-49B3-B5BB-436734106435}.Release|Any CPU.ActiveCfg = Release|x64
		{5EB2CBA0-64A6-49B3-B5BB-436734106435}.Release|Any CPU.Build.0 = Release|x64
		{5EB2CBA0-64A6-49B3-B5BB-436734106435}.Release|Any CPU.Deploy.0 = Release|x64
		{5EB2CBA0-64A6-49B3-B5BB-436734106435}.Release|ARM.ActiveCfg = Release|x64
		{5EB2CBA0-64A6-49B3-B5BB-436734106435}.Release|ARM.Build.0 = Release|x64
		{5EB2CBA0-64A6-49B3-B5BB-436734106435}.Release|ARM.Deploy.0 = Release|x64
		{5EB2CBA0-64A6-49B3-B5BB-436734106435}.Release|ARM64.ActiveCfg = Release|arm64
		{5EB2CBA0-64A6-49B3-B5BB-436734106435}.Release|ARM64.Build.0 = Release|arm64
		{5EB2CBA0-64A6-49B3-B5BB-436734106435}.Release|ARM64.Deploy.0 = Release|arm64
		{5EB2CBA0-64A6-49B3-B5BB-436734106435}.Release|x64.ActiveCfg = Release|x64
		{5EB2CBA0-64A6-49B3-B5BB-436734106435}.Release|x64.Build.0 = Release|x64
		{5EB2CBA0-64A6-49B3-B5BB-436734106435}.Release|x64.Deploy.0 = Release|x64
		{5EB2CBA0-64A6-49B3-B5BB-436734106435}.Release|x86.ActiveCfg = Release|x86
		{5EB2CBA0-64A6-49B3-B5BB-436734106435}.Release|x86.Build.0 = Release|x86
		{5EB2CBA0-64A6-49B3-B5BB-436734106435}.Release|x86.Deploy.0 = Release|x86
		{D1F6BB97-C1B7-4B59-BAD9-F175CF5A1BBB}.Debug|Any CPU.ActiveCfg = Debug|Any CPU
		{D1F6BB97-C1B7-4B59-BAD9-F175CF5A1BBB}.Debug|Any CPU.Build.0 = Debug|Any CPU
		{D1F6BB97-C1B7-4B59-BAD9-F175CF5A1BBB}.Debug|ARM.ActiveCfg = Debug|Any CPU
		{D1F6BB97-C1B7-4B59-BAD9-F175CF5A1BBB}.Debug|ARM.Build.0 = Debug|Any CPU
		{D1F6BB97-C1B7-4B59-BAD9-F175CF5A1BBB}.Debug|ARM64.ActiveCfg = Debug|Any CPU
		{D1F6BB97-C1B7-4B59-BAD9-F175CF5A1BBB}.Debug|ARM64.Build.0 = Debug|Any CPU
		{D1F6BB97-C1B7-4B59-BAD9-F175CF5A1BBB}.Debug|x64.ActiveCfg = Debug|Any CPU
		{D1F6BB97-C1B7-4B59-BAD9-F175CF5A1BBB}.Debug|x64.Build.0 = Debug|Any CPU
		{D1F6BB97-C1B7-4B59-BAD9-F175CF5A1BBB}.Debug|x86.ActiveCfg = Debug|Any CPU
		{D1F6BB97-C1B7-4B59-BAD9-F175CF5A1BBB}.Debug|x86.Build.0 = Debug|Any CPU
		{D1F6BB97-C1B7-4B59-BAD9-F175CF5A1BBB}.Release|Any CPU.ActiveCfg = Release|Any CPU
		{D1F6BB97-C1B7-4B59-BAD9-F175CF5A1BBB}.Release|Any CPU.Build.0 = Release|Any CPU
		{D1F6BB97-C1B7-4B59-BAD9-F175CF5A1BBB}.Release|ARM.ActiveCfg = Release|Any CPU
		{D1F6BB97-C1B7-4B59-BAD9-F175CF5A1BBB}.Release|ARM.Build.0 = Release|Any CPU
		{D1F6BB97-C1B7-4B59-BAD9-F175CF5A1BBB}.Release|ARM64.ActiveCfg = Release|Any CPU
		{D1F6BB97-C1B7-4B59-BAD9-F175CF5A1BBB}.Release|ARM64.Build.0 = Release|Any CPU
		{D1F6BB97-C1B7-4B59-BAD9-F175CF5A1BBB}.Release|x64.ActiveCfg = Release|Any CPU
		{D1F6BB97-C1B7-4B59-BAD9-F175CF5A1BBB}.Release|x64.Build.0 = Release|Any CPU
		{D1F6BB97-C1B7-4B59-BAD9-F175CF5A1BBB}.Release|x86.ActiveCfg = Release|Any CPU
		{D1F6BB97-C1B7-4B59-BAD9-F175CF5A1BBB}.Release|x86.Build.0 = Release|Any CPU
		{775AA4F1-7BA0-451E-B856-71BCF8B550B4}.Debug|Any CPU.ActiveCfg = Debug|Any CPU
		{775AA4F1-7BA0-451E-B856-71BCF8B550B4}.Debug|Any CPU.Build.0 = Debug|Any CPU
		{775AA4F1-7BA0-451E-B856-71BCF8B550B4}.Debug|ARM.ActiveCfg = Debug|Any CPU
		{775AA4F1-7BA0-451E-B856-71BCF8B550B4}.Debug|ARM.Build.0 = Debug|Any CPU
		{775AA4F1-7BA0-451E-B856-71BCF8B550B4}.Debug|ARM64.ActiveCfg = Debug|Any CPU
		{775AA4F1-7BA0-451E-B856-71BCF8B550B4}.Debug|ARM64.Build.0 = Debug|Any CPU
		{775AA4F1-7BA0-451E-B856-71BCF8B550B4}.Debug|x64.ActiveCfg = Debug|Any CPU
		{775AA4F1-7BA0-451E-B856-71BCF8B550B4}.Debug|x64.Build.0 = Debug|Any CPU
		{775AA4F1-7BA0-451E-B856-71BCF8B550B4}.Debug|x86.ActiveCfg = Debug|Any CPU
		{775AA4F1-7BA0-451E-B856-71BCF8B550B4}.Debug|x86.Build.0 = Debug|Any CPU
		{775AA4F1-7BA0-451E-B856-71BCF8B550B4}.Release|Any CPU.ActiveCfg = Release|Any CPU
		{775AA4F1-7BA0-451E-B856-71BCF8B550B4}.Release|Any CPU.Build.0 = Release|Any CPU
		{775AA4F1-7BA0-451E-B856-71BCF8B550B4}.Release|ARM.ActiveCfg = Release|Any CPU
		{775AA4F1-7BA0-451E-B856-71BCF8B550B4}.Release|ARM.Build.0 = Release|Any CPU
		{775AA4F1-7BA0-451E-B856-71BCF8B550B4}.Release|ARM64.ActiveCfg = Release|Any CPU
		{775AA4F1-7BA0-451E-B856-71BCF8B550B4}.Release|ARM64.Build.0 = Release|Any CPU
		{775AA4F1-7BA0-451E-B856-71BCF8B550B4}.Release|x64.ActiveCfg = Release|Any CPU
		{775AA4F1-7BA0-451E-B856-71BCF8B550B4}.Release|x64.Build.0 = Release|Any CPU
		{775AA4F1-7BA0-451E-B856-71BCF8B550B4}.Release|x86.ActiveCfg = Release|Any CPU
		{775AA4F1-7BA0-451E-B856-71BCF8B550B4}.Release|x86.Build.0 = Release|Any CPU
	EndGlobalSection
	GlobalSection(SolutionProperties) = preSolution
		HideSolutionNode = FALSE
	EndGlobalSection
	GlobalSection(NestedProjects) = preSolution
		{F7D4BCD6-9AAF-464C-89A4-6ED23CD95B8E} = {2002FB25-E3E0-4DE9-BD18-671DC91D1478}
		{9D0111B4-CD0C-48F9-AA0F-9770A2DBBB87} = {706A85C7-070D-4F77-8442-3ABA31753866}
		{E222A42D-0C2B-42A2-AE5A-279898381E8F} = {2002FB25-E3E0-4DE9-BD18-671DC91D1478}
		{92CF693E-E206-4474-9A71-CF50F7F8A844} = {706A85C7-070D-4F77-8442-3ABA31753866}
		{8F85CE28-7E22-45C5-AFC4-FDFE585132BA} = {706A85C7-070D-4F77-8442-3ABA31753866}
		{5EB2CBA0-64A6-49B3-B5BB-436734106435} = {B7DBF022-9172-4906-B52F-94953EA0059F}
		{D1F6BB97-C1B7-4B59-BAD9-F175CF5A1BBB} = {B7DBF022-9172-4906-B52F-94953EA0059F}
		{775AA4F1-7BA0-451E-B856-71BCF8B550B4} = {B7DBF022-9172-4906-B52F-94953EA0059F}
	EndGlobalSection
	GlobalSection(ExtensibilityGlobals) = postSolution
		SolutionGuid = {6D98B544-4A77-48CB-B9D1-5D1E5949EB6C}
	EndGlobalSection
EndGlobal
